
Microsoft Visual Studio Solution File, Format Version 12.00
# Visual Studio Version 17
VisualStudioVersion = 17.2.32630.192
MinimumVisualStudioVersion = 10.0.40219.1
Project("{8BC9CEB8-8B4A-11D0-8D11-00A0C91BC942}") = "PositivoNegativo", "PositivoNegativo\PositivoNegativo.vcxproj", "{761180AC-3969-48E5-A933-4A31FB13ED58}"
EndProject
Global
	GlobalSection(SolutionConfigurationPlatforms) = preSolution
		Debug|x64 = Debug|x64
		Debug|x86 = Debug|x86
		Release|x64 = Release|x64
		Release|x86 = Release|x86
	EndGlobalSection
	GlobalSection(ProjectConfigurationPlatforms) = postSolution
		{761180AC-3969-48E5-A933-4A31FB13ED58}.Debug|x64.ActiveCfg = Debug|x64
		{761180AC-3969-48E5-A933-4A31FB13ED58}.Debug|x64.Build.0 = Debug|x64
		{761180AC-3969-48E5-A933-4A31FB13ED58}.Debug|x86.ActiveCfg = Debug|Win32
		{761180AC-3969-48E5-A933-4A31FB13ED58}.Debug|x86.Build.0 = Debug|Win32
		{761180AC-3969-48E5-A933-4A31FB13ED58}.Release|x64.ActiveCfg = Release|x64
		{761180AC-3969-48E5-A933-4A31FB13ED58}.Release|x64.Build.0 = Release|x64
		{761180AC-3969-48E5-A933-4A31FB13ED58}.Release|x86.ActiveCfg = Release|Win32
		{761180AC-3969-48E5-A933-4A31FB13ED58}.Release|x86.Build.0 = Release|Win32
	EndGlobalSection
	GlobalSection(SolutionProperties) = preSolution
		HideSolutionNode = FALSE
	EndGlobalSection
	GlobalSection(ExtensibilityGlobals) = postSolution
		SolutionGuid = {10A56DB4-CC95-482F-B412-F98D23A62549}
	EndGlobalSection
EndGlobal
